
Microsoft Visual Studio Solution File, Format Version 12.00
# Visual Studio Version 16
VisualStudioVersion = 16.0.32106.194
MinimumVisualStudioVersion = 10.0.40219.1
Project("{FAE04EC0-301F-11D3-BF4B-00C04F79EFBC}") = "YCIConsoleApp", "YCIConsoleApp\YCIConsoleApp.csproj", "{7081549A-792F-49E4-B88D-33122E1279DC}"
EndProject
Project("{FAE04EC0-301F-11D3-BF4B-00C04F79EFBC}") = "OOPDemo", "OOPDemo\OOPDemo.csproj", "{199C9AF4-619E-4DDC-A78C-7E4D2BA271E5}"
EndProject
Project("{FAE04EC0-301F-11D3-BF4B-00C04F79EFBC}") = "InheritanceDemo", "InheritanceDemo\InheritanceDemo.csproj", "{74A08F46-EAD7-4784-923B-252710E8651D}"
EndProject
Project("{FAE04EC0-301F-11D3-BF4B-00C04F79EFBC}") = "PolymorphismDemo", "PolymorphismDemo\PolymorphismDemo.csproj", "{D0967E2E-DFD5-4009-85F7-70F3931087C6}"
EndProject
Project("{FAE04EC0-301F-11D3-BF4B-00C04F79EFBC}") = "AbstractionDemo", "AbstractionDemo\AbstractionDemo.csproj", "{26B371E9-92C8-4B60-901C-33D30CFA74AB}"
EndProject
Project("{FAE04EC0-301F-11D3-BF4B-00C04F79EFBC}") = "DataStructureDemo", "DataStructureDemo\DataStructureDemo.csproj", "{2A97C59F-F132-4CAB-A39F-F073F297125B}"
EndProject
Global
	GlobalSection(SolutionConfigurationPlatforms) = preSolution
		Debug|Any CPU = Debug|Any CPU
		Release|Any CPU = Release|Any CPU
	EndGlobalSection
	GlobalSection(ProjectConfigurationPlatforms) = postSolution
		{7081549A-792F-49E4-B88D-33122E1279DC}.Debug|Any CPU.ActiveCfg = Debug|Any CPU
		{7081549A-792F-49E4-B88D-33122E1279DC}.Debug|Any CPU.Build.0 = Debug|Any CPU
		{7081549A-792F-49E4-B88D-33122E1279DC}.Release|Any CPU.ActiveCfg = Release|Any CPU
		{7081549A-792F-49E4-B88D-33122E1279DC}.Release|Any CPU.Build.0 = Release|Any CPU
		{199C9AF4-619E-4DDC-A78C-7E4D2BA271E5}.Debug|Any CPU.ActiveCfg = Debug|Any CPU
		{199C9AF4-619E-4DDC-A78C-7E4D2BA271E5}.Debug|Any CPU.Build.0 = Debug|Any CPU
		{199C9AF4-619E-4DDC-A78C-7E4D2BA271E5}.Release|Any CPU.ActiveCfg = Release|Any CPU
		{199C9AF4-619E-4DDC-A78C-7E4D2BA271E5}.Release|Any CPU.Build.0 = Release|Any CPU
		{74A08F46-EAD7-4784-923B-252710E8651D}.Debug|Any CPU.ActiveCfg = Debug|Any CPU
		{74A08F46-EAD7-4784-923B-252710E8651D}.Debug|Any CPU.Build.0 = Debug|Any CPU
		{74A08F46-EAD7-4784-923B-252710E8651D}.Release|Any CPU.ActiveCfg = Release|Any CPU
		{74A08F46-EAD7-4784-923B-252710E8651D}.Release|Any CPU.Build.0 = Release|Any CPU
		{D0967E2E-DFD5-4009-85F7-70F3931087C6}.Debug|Any CPU.ActiveCfg = Debug|Any CPU
		{D0967E2E-DFD5-4009-85F7-70F3931087C6}.Debug|Any CPU.Build.0 = Debug|Any CPU
		{D0967E2E-DFD5-4009-85F7-70F3931087C6}.Release|Any CPU.ActiveCfg = Release|Any CPU
		{D0967E2E-DFD5-4009-85F7-70F3931087C6}.Release|Any CPU.Build.0 = Release|Any CPU
		{26B371E9-92C8-4B60-901C-33D30CFA74AB}.Debug|Any CPU.ActiveCfg = Debug|Any CPU
		{26B371E9-92C8-4B60-901C-33D30CFA74AB}.Debug|Any CPU.Build.0 = Debug|Any CPU
		{26B371E9-92C8-4B60-901C-33D30CFA74AB}.Release|Any CPU.ActiveCfg = Release|Any CPU
		{26B371E9-92C8-4B60-901C-33D30CFA74AB}.Release|Any CPU.Build.0 = Release|Any CPU
		{2A97C59F-F132-4CAB-A39F-F073F297125B}.Debug|Any CPU.ActiveCfg = Debug|Any CPU
		{2A97C59F-F132-4CAB-A39F-F073F297125B}.Debug|Any CPU.Build.0 = Debug|Any CPU
		{2A97C59F-F132-4CAB-A39F-F073F297125B}.Release|Any CPU.ActiveCfg = Release|Any CPU
		{2A97C59F-F132-4CAB-A39F-F073F297125B}.Release|Any CPU.Build.0 = Release|Any CPU
	EndGlobalSection
	GlobalSection(SolutionProperties) = preSolution
		HideSolutionNode = FALSE
	EndGlobalSection
	GlobalSection(ExtensibilityGlobals) = postSolution
		SolutionGuid = {F7AD5671-1D7B-4B0E-9ED0-1F666148EBB4}
	EndGlobalSection
EndGlobal
